
Microsoft Visual Studio Solution File, Format Version 12.00
# Visual Studio 15
VisualStudioVersion = 15.0.28307.645
MinimumVisualStudioVersion = 10.0.40219.1
Project("{9A19103F-16F7-4668-BE54-9A1E7A4F7556}") = "TinyUrlApi", "TinyUrlApi\TinyUrlApi.csproj", "{F7555757-C8CD-40BF-B85D-E0DBA4CDFC49}"
EndProject
Project("{FAE04EC0-301F-11D3-BF4B-00C04F79EFBC}") = "TinyUrlApiTest", "TinyUrlApiTest\TinyUrlApiTest.csproj", "{3BC9257A-5AD6-490B-A61C-78498F33DC45}"
EndProject
Global
	GlobalSection(SolutionConfigurationPlatforms) = preSolution
		Debug|Any CPU = Debug|Any CPU
		Release|Any CPU = Release|Any CPU
	EndGlobalSection
	GlobalSection(ProjectConfigurationPlatforms) = postSolution
		{F7555757-C8CD-40BF-B85D-E0DBA4CDFC49}.Debug|Any CPU.ActiveCfg = Debug|Any CPU
		{F7555757-C8CD-40BF-B85D-E0DBA4CDFC49}.Debug|Any CPU.Build.0 = Debug|Any CPU
		{F7555757-C8CD-40BF-B85D-E0DBA4CDFC49}.Release|Any CPU.ActiveCfg = Release|Any CPU
		{F7555757-C8CD-40BF-B85D-E0DBA4CDFC49}.Release|Any CPU.Build.0 = Release|Any CPU
		{3BC9257A-5AD6-490B-A61C-78498F33DC45}.Debug|Any CPU.ActiveCfg = Debug|Any CPU
		{3BC9257A-5AD6-490B-A61C-78498F33DC45}.Debug|Any CPU.Build.0 = Debug|Any CPU
		{3BC9257A-5AD6-490B-A61C-78498F33DC45}.Release|Any CPU.ActiveCfg = Release|Any CPU
		{3BC9257A-5AD6-490B-A61C-78498F33DC45}.Release|Any CPU.Build.0 = Release|Any CPU
	EndGlobalSection
	GlobalSection(SolutionProperties) = preSolution
		HideSolutionNode = FALSE
	EndGlobalSection
	GlobalSection(ExtensibilityGlobals) = postSolution
		SolutionGuid = {33D308AA-ECEF-4C0F-899B-238FB4525944}
	EndGlobalSection
EndGlobal
